
Microsoft Visual Studio Solution File, Format Version 12.00
# Visual Studio Version 17
VisualStudioVersion = 17.7.34009.444
MinimumVisualStudioVersion = 10.0.40219.1
Project("{2150E333-8FDC-42A3-9474-1A3956D46DE8}") = "src", "src", "{993CB889-253E-4835-9AC6-D3FB8DE19515}"
EndProject
Project("{2150E333-8FDC-42A3-9474-1A3956D46DE8}") = "corePackages", "corePackages", "{56BBE719-32AE-47A5-993D-4B89F5C368CF}"
EndProject
Project("{2150E333-8FDC-42A3-9474-1A3956D46DE8}") = "starterProject", "starterProject", "{2AD52FDD-8015-4482-8304-CF90A3F4A63A}"
EndProject
Project("{9A19103F-16F7-4668-BE54-9A1E7A4F7556}") = "Core.Application", "src\corePackages\Core.Application\Core.Application.csproj", "{A8E2AAB3-F0A4-4900-9C24-C1D78AB918C2}"
EndProject
Project("{9A19103F-16F7-4668-BE54-9A1E7A4F7556}") = "Core.CrossCuttingConcerns", "src\corePackages\Core.CrossCuttingConcerns\Core.CrossCuttingConcerns.csproj", "{796D44D7-B32E-4247-9B80-2A1D22BF05E8}"
EndProject
Project("{9A19103F-16F7-4668-BE54-9A1E7A4F7556}") = "Core.ElasticSearch", "src\corePackages\Core.ElasticSearch\Core.ElasticSearch.csproj", "{6A25BE9D-92CE-49EE-B48C-065854D246F6}"
EndProject
Project("{9A19103F-16F7-4668-BE54-9A1E7A4F7556}") = "Core.Mailing", "src\corePackages\Core.Mailing\Core.Mailing.csproj", "{B6B3FE76-AE0E-43CB-A1AC-E41C597C8E11}"
EndProject
Project("{9A19103F-16F7-4668-BE54-9A1E7A4F7556}") = "Core.Persistence", "src\corePackages\Core.Persistence\Core.Persistence.csproj", "{3022B88E-3A8A-4CF0-A03E-A8AAC98F73F3}"
EndProject
Project("{9A19103F-16F7-4668-BE54-9A1E7A4F7556}") = "Core.Security", "src\corePackages\Core.Security\Core.Security.csproj", "{9690206D-08BC-4629-8BBB-65B02CDAFCBE}"
EndProject
Project("{9A19103F-16F7-4668-BE54-9A1E7A4F7556}") = "Application", "src\starterProject\Application\Application.csproj", "{55B827E5-9FFD-418B-99C7-3574DBDF3213}"
EndProject
Project("{9A19103F-16F7-4668-BE54-9A1E7A4F7556}") = "Domain", "src\starterProject\Domain\Domain.csproj", "{A9551610-4430-46BF-B318-0BA93ABB471F}"
EndProject
Project("{9A19103F-16F7-4668-BE54-9A1E7A4F7556}") = "Infrastructure", "src\starterProject\Infrastructure\Infrastructure.csproj", "{97BE4D10-404D-43ED-B191-95CDB0BAB28F}"
EndProject
Project("{9A19103F-16F7-4668-BE54-9A1E7A4F7556}") = "Persistence", "src\starterProject\Persistence\Persistence.csproj", "{C94AA3E3-EDAE-4FDB-8E79-79D8E2EEE7E8}"
EndProject
Project("{9A19103F-16F7-4668-BE54-9A1E7A4F7556}") = "WebAPI", "src\starterProject\WebAPI\WebAPI.csproj", "{487E3037-4C0C-42B5-A9DE-5F4941E924F7}"
EndProject
Project("{2150E333-8FDC-42A3-9474-1A3956D46DE8}") = "docs", "docs", "{8C7CA960-CD99-4BD4-9FAD-4D8DED031A48}"
EndProject
Project("{FAE04EC0-301F-11D3-BF4B-00C04F79EFBC}") = "Core.WebAPI", "src\corePackages\Core.WebAPI\Core.WebAPI.csproj", "{7551BCC5-B41B-4307-BF31-EBB8D61AF3A6}"
EndProject
Global
	GlobalSection(SolutionConfigurationPlatforms) = preSolution
		Debug|Any CPU = Debug|Any CPU
		Release|Any CPU = Release|Any CPU
	EndGlobalSection
	GlobalSection(ProjectConfigurationPlatforms) = postSolution
		{A8E2AAB3-F0A4-4900-9C24-C1D78AB918C2}.Debug|Any CPU.ActiveCfg = Debug|Any CPU
		{A8E2AAB3-F0A4-4900-9C24-C1D78AB918C2}.Debug|Any CPU.Build.0 = Debug|Any CPU
		{A8E2AAB3-F0A4-4900-9C24-C1D78AB918C2}.Release|Any CPU.ActiveCfg = Release|Any CPU
		{A8E2AAB3-F0A4-4900-9C24-C1D78AB918C2}.Release|Any CPU.Build.0 = Release|Any CPU
		{796D44D7-B32E-4247-9B80-2A1D22BF05E8}.Debug|Any CPU.ActiveCfg = Debug|Any CPU
		{796D44D7-B32E-4247-9B80-2A1D22BF05E8}.Debug|Any CPU.Build.0 = Debug|Any CPU
		{796D44D7-B32E-4247-9B80-2A1D22BF05E8}.Release|Any CPU.ActiveCfg = Release|Any CPU
		{796D44D7-B32E-4247-9B80-2A1D22BF05E8}.Release|Any CPU.Build.0 = Release|Any CPU
		{6A25BE9D-92CE-49EE-B48C-065854D246F6}.Debug|Any CPU.ActiveCfg = Debug|Any CPU
		{6A25BE9D-92CE-49EE-B48C-065854D246F6}.Debug|Any CPU.Build.0 = Debug|Any CPU
		{6A25BE9D-92CE-49EE-B48C-065854D246F6}.Release|Any CPU.ActiveCfg = Release|Any CPU
		{6A25BE9D-92CE-49EE-B48C-065854D246F6}.Release|Any CPU.Build.0 = Release|Any CPU
		{B6B3FE76-AE0E-43CB-A1AC-E41C597C8E11}.Debug|Any CPU.ActiveCfg = Debug|Any CPU
		{B6B3FE76-AE0E-43CB-A1AC-E41C597C8E11}.Debug|Any CPU.Build.0 = Debug|Any CPU
		{B6B3FE76-AE0E-43CB-A1AC-E41C597C8E11}.Release|Any CPU.ActiveCfg = Release|Any CPU
		{B6B3FE76-AE0E-43CB-A1AC-E41C597C8E11}.Release|Any CPU.Build.0 = Release|Any CPU
		{3022B88E-3A8A-4CF0-A03E-A8AAC98F73F3}.Debug|Any CPU.ActiveCfg = Debug|Any CPU
		{3022B88E-3A8A-4CF0-A03E-A8AAC98F73F3}.Debug|Any CPU.Build.0 = Debug|Any CPU
		{3022B88E-3A8A-4CF0-A03E-A8AAC98F73F3}.Release|Any CPU.ActiveCfg = Release|Any CPU
		{3022B88E-3A8A-4CF0-A03E-A8AAC98F73F3}.Release|Any CPU.Build.0 = Release|Any CPU
		{9690206D-08BC-4629-8BBB-65B02CDAFCBE}.Debug|Any CPU.ActiveCfg = Debug|Any CPU
		{9690206D-08BC-4629-8BBB-65B02CDAFCBE}.Debug|Any CPU.Build.0 = Debug|Any CPU
		{9690206D-08BC-4629-8BBB-65B02CDAFCBE}.Release|Any CPU.ActiveCfg = Release|Any CPU
		{9690206D-08BC-4629-8BBB-65B02CDAFCBE}.Release|Any CPU.Build.0 = Release|Any CPU
		{55B827E5-9FFD-418B-99C7-3574DBDF3213}.Debug|Any CPU.ActiveCfg = Debug|Any CPU
		{55B827E5-9FFD-418B-99C7-3574DBDF3213}.Debug|Any CPU.Build.0 = Debug|Any CPU
		{55B827E5-9FFD-418B-99C7-3574DBDF3213}.Release|Any CPU.ActiveCfg = Release|Any CPU
		{55B827E5-9FFD-418B-99C7-3574DBDF3213}.Release|Any CPU.Build.0 = Release|Any CPU
		{A9551610-4430-46BF-B318-0BA93ABB471F}.Debug|Any CPU.ActiveCfg = Debug|Any CPU
		{A9551610-4430-46BF-B318-0BA93ABB471F}.Debug|Any CPU.Build.0 = Debug|Any CPU
		{A9551610-4430-46BF-B318-0BA93ABB471F}.Release|Any CPU.ActiveCfg = Release|Any CPU
		{A9551610-4430-46BF-B318-0BA93ABB471F}.Release|Any CPU.Build.0 = Release|Any CPU
		{97BE4D10-404D-43ED-B191-95CDB0BAB28F}.Debug|Any CPU.ActiveCfg = Debug|Any CPU
		{97BE4D10-404D-43ED-B191-95CDB0BAB28F}.Debug|Any CPU.Build.0 = Debug|Any CPU
		{97BE4D10-404D-43ED-B191-95CDB0BAB28F}.Release|Any CPU.ActiveCfg = Release|Any CPU
		{97BE4D10-404D-43ED-B191-95CDB0BAB28F}.Release|Any CPU.Build.0 = Release|Any CPU
		{C94AA3E3-EDAE-4FDB-8E79-79D8E2EEE7E8}.Debug|Any CPU.ActiveCfg = Debug|Any CPU
		{C94AA3E3-EDAE-4FDB-8E79-79D8E2EEE7E8}.Debug|Any CPU.Build.0 = Debug|Any CPU
		{C94AA3E3-EDAE-4FDB-8E79-79D8E2EEE7E8}.Release|Any CPU.ActiveCfg = Release|Any CPU
		{C94AA3E3-EDAE-4FDB-8E79-79D8E2EEE7E8}.Release|Any CPU.Build.0 = Release|Any CPU
		{487E3037-4C0C-42B5-A9DE-5F4941E924F7}.Debug|Any CPU.ActiveCfg = Debug|Any CPU
		{487E3037-4C0C-42B5-A9DE-5F4941E924F7}.Debug|Any CPU.Build.0 = Debug|Any CPU
		{487E3037-4C0C-42B5-A9DE-5F4941E924F7}.Release|Any CPU.ActiveCfg = Release|Any CPU
		{487E3037-4C0C-42B5-A9DE-5F4941E924F7}.Release|Any CPU.Build.0 = Release|Any CPU
		{7551BCC5-B41B-4307-BF31-EBB8D61AF3A6}.Debug|Any CPU.ActiveCfg = Debug|Any CPU
		{7551BCC5-B41B-4307-BF31-EBB8D61AF3A6}.Debug|Any CPU.Build.0 = Debug|Any CPU
		{7551BCC5-B41B-4307-BF31-EBB8D61AF3A6}.Release|Any CPU.ActiveCfg = Release|Any CPU
		{7551BCC5-B41B-4307-BF31-EBB8D61AF3A6}.Release|Any CPU.Build.0 = Release|Any CPU
	EndGlobalSection
	GlobalSection(SolutionProperties) = preSolution
		HideSolutionNode = FALSE
	EndGlobalSection
	GlobalSection(NestedProjects) = preSolution
		{56BBE719-32AE-47A5-993D-4B89F5C368CF} = {993CB889-253E-4835-9AC6-D3FB8DE19515}
		{2AD52FDD-8015-4482-8304-CF90A3F4A63A} = {993CB889-253E-4835-9AC6-D3FB8DE19515}
		{A8E2AAB3-F0A4-4900-9C24-C1D78AB918C2} = {56BBE719-32AE-47A5-993D-4B89F5C368CF}
		{796D44D7-B32E-4247-9B80-2A1D22BF05E8} = {56BBE719-32AE-47A5-993D-4B89F5C368CF}
		{6A25BE9D-92CE-49EE-B48C-065854D246F6} = {56BBE719-32AE-47A5-993D-4B89F5C368CF}
		{B6B3FE76-AE0E-43CB-A1AC-E41C597C8E11} = {56BBE719-32AE-47A5-993D-4B89F5C368CF}
		{3022B88E-3A8A-4CF0-A03E-A8AAC98F73F3} = {56BBE719-32AE-47A5-993D-4B89F5C368CF}
		{9690206D-08BC-4629-8BBB-65B02CDAFCBE} = {56BBE719-32AE-47A5-993D-4B89F5C368CF}
		{55B827E5-9FFD-418B-99C7-3574DBDF3213} = {2AD52FDD-8015-4482-8304-CF90A3F4A63A}
		{A9551610-4430-46BF-B318-0BA93ABB471F} = {2AD52FDD-8015-4482-8304-CF90A3F4A63A}
		{97BE4D10-404D-43ED-B191-95CDB0BAB28F} = {2AD52FDD-8015-4482-8304-CF90A3F4A63A}
		{C94AA3E3-EDAE-4FDB-8E79-79D8E2EEE7E8} = {2AD52FDD-8015-4482-8304-CF90A3F4A63A}
		{487E3037-4C0C-42B5-A9DE-5F4941E924F7} = {2AD52FDD-8015-4482-8304-CF90A3F4A63A}
		{7551BCC5-B41B-4307-BF31-EBB8D61AF3A6} = {56BBE719-32AE-47A5-993D-4B89F5C368CF}
	EndGlobalSection
	GlobalSection(ExtensibilityGlobals) = postSolution
		SolutionGuid = {DFB95766-9971-40BF-9DD0-0AF4EB149129}
	EndGlobalSection
EndGlobal
